
Microsoft Visual Studio Solution File, Format Version 12.00
# Visual Studio Version 17
VisualStudioVersion = 17.11.35303.130
MinimumVisualStudioVersion = 10.0.40219.1
Project("{8BC9CEB8-8B4A-11D0-8D11-00A0C91BC942}") = "Overseer", "Project1\Project1.vcxproj", "{855B714F-8D38-4016-88E9-1240AA8D1D98}"
EndProject
Project("{8BC9CEB8-8B4A-11D0-8D11-00A0C91BC942}") = "JogoUI", "JogoUI\JogoUI.vcxproj", "{6A88E988-DB16-4F0E-9D4C-FE63053BB074}"
EndProject
Project("{8BC9CEB8-8B4A-11D0-8D11-00A0C91BC942}") = "Bot", "Bot\Bot.vcxproj", "{30F4B594-A845-4737-A995-17A58DD19EAE}"
EndProject
Project("{8BC9CEB8-8B4A-11D0-8D11-00A0C91BC942}") = "Painel", "Painel\Painel.vcxproj", "{F6495233-82DF-4335-BE85-C675761BD022}"
EndProject
Global
	GlobalSection(SolutionConfigurationPlatforms) = preSolution
		Debug|x64 = Debug|x64
		Debug|x86 = Debug|x86
		Release|x64 = Release|x64
		Release|x86 = Release|x86
	EndGlobalSection
	GlobalSection(ProjectConfigurationPlatforms) = postSolution
		{855B714F-8D38-4016-88E9-1240AA8D1D98}.Debug|x64.ActiveCfg = Debug|x64
		{855B714F-8D38-4016-88E9-1240AA8D1D98}.Debug|x64.Build.0 = Debug|x64
		{855B714F-8D38-4016-88E9-1240AA8D1D98}.Debug|x86.ActiveCfg = Debug|Win32
		{855B714F-8D38-4016-88E9-1240AA8D1D98}.Debug|x86.Build.0 = Debug|Win32
		{855B714F-8D38-4016-88E9-1240AA8D1D98}.Release|x64.ActiveCfg = Release|x64
		{855B714F-8D38-4016-88E9-1240AA8D1D98}.Release|x64.Build.0 = Release|x64
		{855B714F-8D38-4016-88E9-1240AA8D1D98}.Release|x86.ActiveCfg = Release|Win32
		{855B714F-8D38-4016-88E9-1240AA8D1D98}.Release|x86.Build.0 = Release|Win32
		{6A88E988-DB16-4F0E-9D4C-FE63053BB074}.Debug|x64.ActiveCfg = Debug|x64
		{6A88E988-DB16-4F0E-9D4C-FE63053BB074}.Debug|x64.Build.0 = Debug|x64
		{6A88E988-DB16-4F0E-9D4C-FE63053BB074}.Debug|x86.ActiveCfg = Debug|Win32
		{6A88E988-DB16-4F0E-9D4C-FE63053BB074}.Debug|x86.Build.0 = Debug|Win32
		{6A88E988-DB16-4F0E-9D4C-FE63053BB074}.Release|x64.ActiveCfg = Release|x64
		{6A88E988-DB16-4F0E-9D4C-FE63053BB074}.Release|x64.Build.0 = Release|x64
		{6A88E988-DB16-4F0E-9D4C-FE63053BB074}.Release|x86.ActiveCfg = Release|Win32
		{6A88E988-DB16-4F0E-9D4C-FE63053BB074}.Release|x86.Build.0 = Release|Win32
		{30F4B594-A845-4737-A995-17A58DD19EAE}.Debug|x64.ActiveCfg = Debug|x64
		{30F4B594-A845-4737-A995-17A58DD19EAE}.Debug|x64.Build.0 = Debug|x64
		{30F4B594-A845-4737-A995-17A58DD19EAE}.Debug|x86.ActiveCfg = Debug|Win32
		{30F4B594-A845-4737-A995-17A58DD19EAE}.Debug|x86.Build.0 = Debug|Win32
		{30F4B594-A845-4737-A995-17A58DD19EAE}.Release|x64.ActiveCfg = Release|x64
		{30F4B594-A845-4737-A995-17A58DD19EAE}.Release|x64.Build.0 = Release|x64
		{30F4B594-A845-4737-A995-17A58DD19EAE}.Release|x86.ActiveCfg = Release|Win32
		{30F4B594-A845-4737-A995-17A58DD19EAE}.Release|x86.Build.0 = Release|Win32
		{F6495233-82DF-4335-BE85-C675761BD022}.Debug|x64.ActiveCfg = Debug|x64
		{F6495233-82DF-4335-BE85-C675761BD022}.Debug|x64.Build.0 = Debug|x64
		{F6495233-82DF-4335-BE85-C675761BD022}.Debug|x86.ActiveCfg = Debug|Win32
		{F6495233-82DF-4335-BE85-C675761BD022}.Debug|x86.Build.0 = Debug|Win32
		{F6495233-82DF-4335-BE85-C675761BD022}.Release|x64.ActiveCfg = Release|x64
		{F6495233-82DF-4335-BE85-C675761BD022}.Release|x64.Build.0 = Release|x64
		{F6495233-82DF-4335-BE85-C675761BD022}.Release|x86.ActiveCfg = Release|Win32
		{F6495233-82DF-4335-BE85-C675761BD022}.Release|x86.Build.0 = Release|Win32
	EndGlobalSection
	GlobalSection(SolutionProperties) = preSolution
		HideSolutionNode = FALSE
	EndGlobalSection
	GlobalSection(ExtensibilityGlobals) = postSolution
		SolutionGuid = {E4CB186F-99C9-47AB-8358-91D6CF3D7A73}
	EndGlobalSection
EndGlobal
